
Microsoft Visual Studio Solution File, Format Version 12.00
# Visual Studio Version 16
VisualStudioVersion = 16.0.30011.22
MinimumVisualStudioVersion = 10.0.40219.1
Project("{FAE04EC0-301F-11D3-BF4B-00C04F79EFBC}") = "taoweb", "taoweb\taoweb.csproj", "{FB70EEC7-62E8-4784-8907-CDDF903C6725}"
EndProject
Global
	GlobalSection(SolutionConfigurationPlatforms) = preSolution
		Debug|Any CPU = Debug|Any CPU
		Release|Any CPU = Release|Any CPU
	EndGlobalSection
	GlobalSection(ProjectConfigurationPlatforms) = postSolution
		{FB70EEC7-62E8-4784-8907-CDDF903C6725}.Debug|Any CPU.ActiveCfg = Debug|Any CPU
		{FB70EEC7-62E8-4784-8907-CDDF903C6725}.Debug|Any CPU.Build.0 = Debug|Any CPU
		{FB70EEC7-62E8-4784-8907-CDDF903C6725}.Release|Any CPU.ActiveCfg = Release|Any CPU
		{FB70EEC7-62E8-4784-8907-CDDF903C6725}.Release|Any CPU.Build.0 = Release|Any CPU
	EndGlobalSection
	GlobalSection(SolutionProperties) = preSolution
		HideSolutionNode = FALSE
	EndGlobalSection
	GlobalSection(ExtensibilityGlobals) = postSolution
		SolutionGuid = {973D30E0-2B67-4F9D-B183-308C8F588A55}
	EndGlobalSection
EndGlobal
